{
  "name": "hosts-etc-cli",
  "version": "1.0.1",
  "lockfileVersion": 2,
  "requires": true,
  "packages": {
    "": {
      "name": "hosts-etc-cli",
      "version": "1.0.1",
      "license": "MIT",
      "dependencies": {
        "big-kahuna": "^1.3.4",
        "hosts-etc": "^1.3.1",
        "sudo-prompt": "^9.2.1"
      },
      "bin": {
        "hosts": "bin/cli.js"
      }
    },
    "node_modules/big-kahuna": {
      "version": "1.3.4",
      "resolved": "https://registry.npmjs.org/big-kahuna/-/big-kahuna-1.3.4.tgz",
      "integrity": "sha512-rFp8tRr0QOcSq9U/wd/UhN4yrdOR3Oe0RNdY91czf8BTuw3PItAP8rndfOQH5mkYKKhOOxCAdmPp9rzVIBGaHA=="
    },
    "node_modules/hosts-etc": {
      "version": "1.3.1",
      "resolved": "https://registry.npmjs.org/hosts-etc/-/hosts-etc-1.3.1.tgz",
      "integrity": "sha512-x5IaPU7BTrr92alclzE39KeDHHsVoit4A1CoW1OKIdPd08F6v36xbK+SwSgk1wldKNaY3yelFgIwHfpwpdOUMQ=="
    },
    "node_modules/sudo-prompt": {
      "version": "9.2.1",
      "resolved": "https://registry.npmjs.org/sudo-prompt/-/sudo-prompt-9.2.1.tgz",
      "integrity": "sha512-Mu7R0g4ig9TUuGSxJavny5Rv0egCEtpZRNMrZaYS1vxkiIxGiGUwoezU3LazIQ+KE04hTrTfNPgxU5gzi7F5Pw=="
    }
  },
  "dependencies": {
    "big-kahuna": {
      "version": "1.3.4",
      "resolved": "https://registry.npmjs.org/big-kahuna/-/big-kahuna-1.3.4.tgz",
      "integrity": "sha512-rFp8tRr0QOcSq9U/wd/UhN4yrdOR3Oe0RNdY91czf8BTuw3PItAP8rndfOQH5mkYKKhOOxCAdmPp9rzVIBGaHA=="
    },
    "hosts-etc": {
      "version": "1.3.1",
      "resolved": "https://registry.npmjs.org/hosts-etc/-/hosts-etc-1.3.1.tgz",
      "integrity": "sha512-x5IaPU7BTrr92alclzE39KeDHHsVoit4A1CoW1OKIdPd08F6v36xbK+SwSgk1wldKNaY3yelFgIwHfpwpdOUMQ=="
    },
    "sudo-prompt": {
      "version": "9.2.1",
      "resolved": "https://registry.npmjs.org/sudo-prompt/-/sudo-prompt-9.2.1.tgz",
      "integrity": "sha512-Mu7R0g4ig9TUuGSxJavny5Rv0egCEtpZRNMrZaYS1vxkiIxGiGUwoezU3LazIQ+KE04hTrTfNPgxU5gzi7F5Pw=="
    }
  }
}
