{
  "name": "hosts-etc-cli",
  "version": "1.0.0",
  "lockfileVersion": 1,
  "requires": true,
  "dependencies": {
    "big-kahuna": {
      "version": "1.3.0",
      "resolved": "https://registry.npmjs.org/big-kahuna/-/big-kahuna-1.3.0.tgz",
      "integrity": "sha512-DFp0mdqnYbt/YTwf4dmEPRwFH7bisJkndQn58IkRUs2O1nXJ3KC6hvJJaVv2V1vP18jssUmClQ7vSrD6ykc4jw=="
    },
    "sudo-prompt": {
      "version": "9.2.1",
      "resolved": "https://registry.npmjs.org/sudo-prompt/-/sudo-prompt-9.2.1.tgz",
      "integrity": "sha512-Mu7R0g4ig9TUuGSxJavny5Rv0egCEtpZRNMrZaYS1vxkiIxGiGUwoezU3LazIQ+KE04hTrTfNPgxU5gzi7F5Pw=="
    }
  }
}
