{
  "name": "hosts-etc-cli",
  "version": "1.0.0",
  "lockfileVersion": 1,
  "requires": true,
  "dependencies": {
    "big-kahuna": {
      "version": "1.3.2",
      "resolved": "https://registry.npmjs.org/big-kahuna/-/big-kahuna-1.3.2.tgz",
      "integrity": "sha512-bSaqhht1RLS1W5/4W/gXp5hlfjz4Ao2xbwgja+gfLVLgufI//cz4iSMECQZGBDyFgW3aUm+fOPO9mf3q7tAcvw=="
    },
    "hosts-etc": {
      "version": "1.3.0",
      "resolved": "https://registry.npmjs.org/hosts-etc/-/hosts-etc-1.3.0.tgz",
      "integrity": "sha512-d4CbzcXVvHhnK0UXrfPOh3ZgjYpsvDdGah6ugg4Ejp58WpeFHaPmIQEqsvHvKtyrW+sNPh0HMSE1Gm6jFJ+NLw=="
    },
    "sudo-prompt": {
      "version": "9.2.1",
      "resolved": "https://registry.npmjs.org/sudo-prompt/-/sudo-prompt-9.2.1.tgz",
      "integrity": "sha512-Mu7R0g4ig9TUuGSxJavny5Rv0egCEtpZRNMrZaYS1vxkiIxGiGUwoezU3LazIQ+KE04hTrTfNPgxU5gzi7F5Pw=="
    }
  }
}
